
Microsoft Visual Studio Solution File, Format Version 12.00
# Visual Studio Version 17
VisualStudioVersion = 17.9.34622.214
MinimumVisualStudioVersion = 10.0.40219.1
Project("{FAE04EC0-301F-11D3-BF4B-00C04F79EFBC}") = "Reading_Reviewys", "Reading_Reviewys.csproj", "{07312A7A-5418-4444-B776-4B1DF92E9C13}"
EndProject
Global
	GlobalSection(SolutionConfigurationPlatforms) = preSolution
		Debug|Any CPU = Debug|Any CPU
		Release|Any CPU = Release|Any CPU
	EndGlobalSection
	GlobalSection(ProjectConfigurationPlatforms) = postSolution
		{07312A7A-5418-4444-B776-4B1DF92E9C13}.Debug|Any CPU.ActiveCfg = Debug|Any CPU
		{07312A7A-5418-4444-B776-4B1DF92E9C13}.Debug|Any CPU.Build.0 = Debug|Any CPU
		{07312A7A-5418-4444-B776-4B1DF92E9C13}.Release|Any CPU.ActiveCfg = Release|Any CPU
		{07312A7A-5418-4444-B776-4B1DF92E9C13}.Release|Any CPU.Build.0 = Release|Any CPU
	EndGlobalSection
	GlobalSection(SolutionProperties) = preSolution
		HideSolutionNode = FALSE
	EndGlobalSection
	GlobalSection(ExtensibilityGlobals) = postSolution
		SolutionGuid = {43538F9D-DBD2-4290-8CD3-3029E0761C55}
	EndGlobalSection
EndGlobal
