
Microsoft Visual Studio Solution File, Format Version 12.00
# Visual Studio Version 17
VisualStudioVersion = 17.9.34622.214
MinimumVisualStudioVersion = 10.0.40219.1
Project("{FAE04EC0-301F-11D3-BF4B-00C04F79EFBC}") = "Reading_Reviewys", "Reading_Reviewys\Reading_Reviewys.csproj", "{71AA0CA7-2BF1-479A-A9F4-21810829E7FC}"
EndProject
Global
	GlobalSection(SolutionConfigurationPlatforms) = preSolution
		Debug|Any CPU = Debug|Any CPU
		Release|Any CPU = Release|Any CPU
	EndGlobalSection
	GlobalSection(ProjectConfigurationPlatforms) = postSolution
		{71AA0CA7-2BF1-479A-A9F4-21810829E7FC}.Debug|Any CPU.ActiveCfg = Debug|Any CPU
		{71AA0CA7-2BF1-479A-A9F4-21810829E7FC}.Debug|Any CPU.Build.0 = Debug|Any CPU
		{71AA0CA7-2BF1-479A-A9F4-21810829E7FC}.Release|Any CPU.ActiveCfg = Release|Any CPU
		{71AA0CA7-2BF1-479A-A9F4-21810829E7FC}.Release|Any CPU.Build.0 = Release|Any CPU
	EndGlobalSection
	GlobalSection(SolutionProperties) = preSolution
		HideSolutionNode = FALSE
	EndGlobalSection
	GlobalSection(ExtensibilityGlobals) = postSolution
		SolutionGuid = {F8CFE2A7-A56F-4422-B3DC-C5C294008954}
	EndGlobalSection
EndGlobal
